// !$*UTF8*$!
{
	archiveVersion = 1;
	classes = {
	};
	objectVersion = 46;
	objects = {

/* Begin PBXBuildFile section */
		1A658B9A1DF46B0300E265A7 /* main.m in Sources */ = {isa = PBXBuildFile; fileRef = 1A658B991DF46B0300E265A7 /* main.m */; };
		1A658B9D1DF46B0300E265A7 /* AppDelegate.m in Sources */ = {isa = PBXBuildFile; fileRef = 1A658B9C1DF46B0300E265A7 /* AppDelegate.m */; };
		1A658BA01DF46B0300E265A7 /* LoginViewController.m in Sources */ = {isa = PBXBuildFile; fileRef = 1A658B9F1DF46B0300E265A7 /* LoginViewController.m */; };
		1A658BA31DF46B0300E265A7 /* Main.storyboard in Resources */ = {isa = PBXBuildFile; fileRef = 1A658BA11DF46B0300E265A7 /* Main.storyboard */; };
		1A658BA51DF46B0300E265A7 /* Assets.xcassets in Resources */ = {isa = PBXBuildFile; fileRef = 1A658BA41DF46B0300E265A7 /* Assets.xcassets */; };
		1A658BA81DF46B0300E265A7 /* LaunchScreen.storyboard in Resources */ = {isa = PBXBuildFile; fileRef = 1A658BA61DF46B0300E265A7 /* LaunchScreen.storyboard */; };
		1A658BB31DF46B0300E265A7 /* JMTabBarKitTestTests.m in Sources */ = {isa = PBXBuildFile; fileRef = 1A658BB21DF46B0300E265A7 /* JMTabBarKitTestTests.m */; };
		1A658BBE1DF46B0300E265A7 /* JMTabBarKitTestUITests.m in Sources */ = {isa = PBXBuildFile; fileRef = 1A658BBD1DF46B0300E265A7 /* JMTabBarKitTestUITests.m */; };
		1A658BD21DF46BD000E265A7 /* libJMTabBarKit.a in Frameworks */ = {isa = PBXBuildFile; fileRef = 1A658BD11DF46B7D00E265A7 /* libJMTabBarKit.a */; };
		1A658BD91DF46C2C00E265A7 /* FirstViewController.m in Sources */ = {isa = PBXBuildFile; fileRef = 1A658BD41DF46C2C00E265A7 /* FirstViewController.m */; };
		1A658BDA1DF46C2C00E265A7 /* SecondViewController.m in Sources */ = {isa = PBXBuildFile; fileRef = 1A658BD61DF46C2C00E265A7 /* SecondViewController.m */; };
		1A658BDB1DF46C2C00E265A7 /* ThirdViewController.m in Sources */ = {isa = PBXBuildFile; fileRef = 1A658BD81DF46C2C00E265A7 /* ThirdViewController.m */; };
/* End PBXBuildFile section */

/* Begin PBXContainerItemProxy section */
		1A658BAF1DF46B0300E265A7 /* PBXContainerItemProxy */ = {
			isa = PBXContainerItemProxy;
			containerPortal = 1A658B8D1DF46B0300E265A7 /* Project object */;
			proxyType = 1;
			remoteGlobalIDString = 1A658B941DF46B0300E265A7;
			remoteInfo = JMTabBarKitTest;
		};
		1A658BBA1DF46B0300E265A7 /* PBXContainerItemProxy */ = {
			isa = PBXContainerItemProxy;
			containerPortal = 1A658B8D1DF46B0300E265A7 /* Project object */;
			proxyType = 1;
			remoteGlobalIDString = 1A658B941DF46B0300E265A7;
			remoteInfo = JMTabBarKitTest;
		};
		1A658BD01DF46B7D00E265A7 /* PBXContainerItemProxy */ = {
			isa = PBXContainerItemProxy;
			containerPortal = 1A658BCB1DF46B7D00E265A7 /* JMTabBarKit.xcodeproj */;
			proxyType = 2;
			remoteGlobalIDString = 1A2AC5781AE9D61400F7E0A2;
			remoteInfo = JMTabBarKit;
		};
/* End PBXContainerItemProxy section */

/* Begin PBXFileReference section */
		1A658B951DF46B0300E265A7 /* JMTabBarKitTest.app */ = {isa = PBXFileReference; explicitFileType = wrapper.application; includeInIndex = 0; path = JMTabBarKitTest.app; sourceTree = BUILT_PRODUCTS_DIR; };
		1A658B991DF46B0300E265A7 /* main.m */ = {isa = PBXFileReference; lastKnownFileType = sourcecode.c.objc; path = main.m; sourceTree = "<group>"; };
		1A658B9B1DF46B0300E265A7 /* AppDelegate.h */ = {isa = PBXFileReference; lastKnownFileType = sourcecode.c.h; path = AppDelegate.h; sourceTree = "<group>"; };
		1A658B9C1DF46B0300E265A7 /* AppDelegate.m */ = {isa = PBXFileReference; lastKnownFileType = sourcecode.c.objc; path = AppDelegate.m; sourceTree = "<group>"; };
		1A658B9E1DF46B0300E265A7 /* LoginViewController.h */ = {isa = PBXFileReference; lastKnownFileType = sourcecode.c.h; path = LoginViewController.h; sourceTree = "<group>"; };
		1A658B9F1DF46B0300E265A7 /* LoginViewController.m */ = {isa = PBXFileReference; lastKnownFileType = sourcecode.c.objc; path = LoginViewController.m; sourceTree = "<group>"; };
		1A658BA21DF46B0300E265A7 /* Base */ = {isa = PBXFileReference; lastKnownFileType = file.storyboard; name = Base; path = Base.lproj/Main.storyboard; sourceTree = "<group>"; };
		1A658BA41DF46B0300E265A7 /* Assets.xcassets */ = {isa = PBXFileReference; lastKnownFileType = folder.assetcatalog; path = Assets.xcassets; sourceTree = "<group>"; };
		1A658BA71DF46B0300E265A7 /* Base */ = {isa = PBXFileReference; lastKnownFileType = file.storyboard; name = Base; path = Base.lproj/LaunchScreen.storyboard; sourceTree = "<group>"; };
		1A658BA91DF46B0300E265A7 /* Info.plist */ = {isa = PBXFileReference; lastKnownFileType = text.plist.xml; path = Info.plist; sourceTree = "<group>"; };
		1A658BAE1DF46B0300E265A7 /* JMTabBarKitTestTests.xctest */ = {isa = PBXFileReference; explicitFileType = wrapper.cfbundle; includeInIndex = 0; path = JMTabBarKitTestTests.xctest; sourceTree = BUILT_PRODUCTS_DIR; };
		1A658BB21DF46B0300E265A7 /* JMTabBarKitTestTests.m */ = {isa = PBXFileReference; lastKnownFileType = sourcecode.c.objc; path = JMTabBarKitTestTests.m; sourceTree = "<group>"; };
		1A658BB41DF46B0300E265A7 /* Info.plist */ = {isa = PBXFileReference; lastKnownFileType = text.plist.xml; path = Info.plist; sourceTree = "<group>"; };
		1A658BB91DF46B0300E265A7 /* JMTabBarKitTestUITests.xctest */ = {isa = PBXFileReference; explicitFileType = wrapper.cfbundle; includeInIndex = 0; path = JMTabBarKitTestUITests.xctest; sourceTree = BUILT_PRODUCTS_DIR; };
		1A658BBD1DF46B0300E265A7 /* JMTabBarKitTestUITests.m */ = {isa = PBXFileReference; lastKnownFileType = sourcecode.c.objc; path = JMTabBarKitTestUITests.m; sourceTree = "<group>"; };
		1A658BBF1DF46B0300E265A7 /* Info.plist */ = {isa = PBXFileReference; lastKnownFileType = text.plist.xml; path = Info.plist; sourceTree = "<group>"; };
		1A658BCB1DF46B7D00E265A7 /* JMTabBarKit.xcodeproj */ = {isa = PBXFileReference; lastKnownFileType = "wrapper.pb-project"; name = JMTabBarKit.xcodeproj; path = JMTabBarKit/JMTabBarKit.xcodeproj; sourceTree = "<group>"; };
		1A658BD31DF46C2C00E265A7 /* FirstViewController.h */ = {isa = PBXFileReference; fileEncoding = 4; lastKnownFileType = sourcecode.c.h; path = FirstViewController.h; sourceTree = "<group>"; };
		1A658BD41DF46C2C00E265A7 /* FirstViewController.m */ = {isa = PBXFileReference; fileEncoding = 4; lastKnownFileType = sourcecode.c.objc; path = FirstViewController.m; sourceTree = "<group>"; };
		1A658BD51DF46C2C00E265A7 /* SecondViewController.h */ = {isa = PBXFileReference; fileEncoding = 4; lastKnownFileType = sourcecode.c.h; path = SecondViewController.h; sourceTree = "<group>"; };
		1A658BD61DF46C2C00E265A7 /* SecondViewController.m */ = {isa = PBXFileReference; fileEncoding = 4; lastKnownFileType = sourcecode.c.objc; path = SecondViewController.m; sourceTree = "<group>"; };
		1A658BD71DF46C2C00E265A7 /* ThirdViewController.h */ = {isa = PBXFileReference; fileEncoding = 4; lastKnownFileType = sourcecode.c.h; path = ThirdViewController.h; sourceTree = "<group>"; };
		1A658BD81DF46C2C00E265A7 /* ThirdViewController.m */ = {isa = PBXFileReference; fileEncoding = 4; lastKnownFileType = sourcecode.c.objc; path = ThirdViewController.m; sourceTree = "<group>"; };
/* End PBXFileReference section */

/* Begin PBXFrameworksBuildPhase section */
		1A658B921DF46B0300E265A7 /* Frameworks */ = {
			isa = PBXFrameworksBuildPhase;
			buildActionMask = 2147483647;
			files = (
				1A658BD21DF46BD000E265A7 /* libJMTabBarKit.a in Frameworks */,
			);
			runOnlyForDeploymentPostprocessing = 0;
		};
		1A658BAB1DF46B0300E265A7 /* Frameworks */ = {
			isa = PBXFrameworksBuildPhase;
			buildActionMask = 2147483647;
			files = (
			);
			runOnlyForDeploymentPostprocessing = 0;
		};
		1A658BB61DF46B0300E265A7 /* Frameworks */ = {
			isa = PBXFrameworksBuildPhase;
			buildActionMask = 2147483647;
			files = (
			);
			runOnlyForDeploymentPostprocessing = 0;
		};
/* End PBXFrameworksBuildPhase section */

/* Begin PBXGroup section */
		1A658B8C1DF46B0300E265A7 = {
			isa = PBXGroup;
			children = (
				1A658BCB1DF46B7D00E265A7 /* JMTabBarKit.xcodeproj */,
				1A658B971DF46B0300E265A7 /* JMTabBarKitTest */,
				1A658BB11DF46B0300E265A7 /* JMTabBarKitTestTests */,
				1A658BBC1DF46B0300E265A7 /* JMTabBarKitTestUITests */,
				1A658B961DF46B0300E265A7 /* Products */,
			);
			sourceTree = "<group>";
		};
		1A658B961DF46B0300E265A7 /* Products */ = {
			isa = PBXGroup;
			children = (
				1A658B951DF46B0300E265A7 /* JMTabBarKitTest.app */,
				1A658BAE1DF46B0300E265A7 /* JMTabBarKitTestTests.xctest */,
				1A658BB91DF46B0300E265A7 /* JMTabBarKitTestUITests.xctest */,
			);
			name = Products;
			sourceTree = "<group>";
		};
		1A658B971DF46B0300E265A7 /* JMTabBarKitTest */ = {
			isa = PBXGroup;
			children = (
				1A658B9B1DF46B0300E265A7 /* AppDelegate.h */,
				1A658B9C1DF46B0300E265A7 /* AppDelegate.m */,
				1A658BD31DF46C2C00E265A7 /* FirstViewController.h */,
				1A658BD41DF46C2C00E265A7 /* FirstViewController.m */,
				1A658BD51DF46C2C00E265A7 /* SecondViewController.h */,
				1A658BD61DF46C2C00E265A7 /* SecondViewController.m */,
				1A658BD71DF46C2C00E265A7 /* ThirdViewController.h */,
				1A658BD81DF46C2C00E265A7 /* ThirdViewController.m */,
				1A658B9E1DF46B0300E265A7 /* LoginViewController.h */,
				1A658B9F1DF46B0300E265A7 /* LoginViewController.m */,
				1A658BA11DF46B0300E265A7 /* Main.storyboard */,
				1A658BA41DF46B0300E265A7 /* Assets.xcassets */,
				1A658BA61DF46B0300E265A7 /* LaunchScreen.storyboard */,
				1A658BA91DF46B0300E265A7 /* Info.plist */,
				1A658B981DF46B0300E265A7 /* Supporting Files */,
			);
			path = JMTabBarKitTest;
			sourceTree = "<group>";
		};
		1A658B981DF46B0300E265A7 /* Supporting Files */ = {
			isa = PBXGroup;
			children = (
				1A658B991DF46B0300E265A7 /* main.m */,
			);
			name = "Supporting Files";
			sourceTree = "<group>";
		};
		1A658BB11DF46B0300E265A7 /* JMTabBarKitTestTests */ = {
			isa = PBXGroup;
			children = (
				1A658BB21DF46B0300E265A7 /* JMTabBarKitTestTests.m */,
				1A658BB41DF46B0300E265A7 /* Info.plist */,
			);
			path = JMTabBarKitTestTests;
			sourceTree = "<group>";
		};
		1A658BBC1DF46B0300E265A7 /* JMTabBarKitTestUITests */ = {
			isa = PBXGroup;
			children = (
				1A658BBD1DF46B0300E265A7 /* JMTabBarKitTestUITests.m */,
				1A658BBF1DF46B0300E265A7 /* Info.plist */,
			);
			path = JMTabBarKitTestUITests;
			sourceTree = "<group>";
		};
		1A658BCC1DF46B7D00E265A7 /* Products */ = {
			isa = PBXGroup;
			children = (
				1A658BD11DF46B7D00E265A7 /* libJMTabBarKit.a */,
			);
			name = Products;
			sourceTree = "<group>";
		};
/* End PBXGroup section */

/* Begin PBXNativeTarget section */
		1A658B941DF46B0300E265A7 /* JMTabBarKitTest */ = {
			isa = PBXNativeTarget;
			buildConfigurationList = 1A658BC21DF46B0300E265A7 /* Build configuration list for PBXNativeTarget "JMTabBarKitTest" */;
			buildPhases = (
				1A658B911DF46B0300E265A7 /* Sources */,
				1A658B921DF46B0300E265A7 /* Frameworks */,
				1A658B931DF46B0300E265A7 /* Resources */,
			);
			buildRules = (
			);
			dependencies = (
			);
			name = JMTabBarKitTest;
			productName = JMTabBarKitTest;
			productReference = 1A658B951DF46B0300E265A7 /* JMTabBarKitTest.app */;
			productType = "com.apple.product-type.application";
		};
		1A658BAD1DF46B0300E265A7 /* JMTabBarKitTestTests */ = {
			isa = PBXNativeTarget;
			buildConfigurationList = 1A658BC51DF46B0300E265A7 /* Build configuration list for PBXNativeTarget "JMTabBarKitTestTests" */;
			buildPhases = (
				1A658BAA1DF46B0300E265A7 /* Sources */,
				1A658BAB1DF46B0300E265A7 /* Frameworks */,
				1A658BAC1DF46B0300E265A7 /* Resources */,
			);
			buildRules = (
			);
			dependencies = (
				1A658BB01DF46B0300E265A7 /* PBXTargetDependency */,
			);
			name = JMTabBarKitTestTests;
			productName = JMTabBarKitTestTests;
			productReference = 1A658BAE1DF46B0300E265A7 /* JMTabBarKitTestTests.xctest */;
			productType = "com.apple.product-type.bundle.unit-test";
		};
		1A658BB81DF46B0300E265A7 /* JMTabBarKitTestUITests */ = {
			isa = PBXNativeTarget;
			buildConfigurationList = 1A658BC81DF46B0300E265A7 /* Build configuration list for PBXNativeTarget "JMTabBarKitTestUITests" */;
			buildPhases = (
				1A658BB51DF46B0300E265A7 /* Sources */,
				1A658BB61DF46B0300E265A7 /* Frameworks */,
				1A658BB71DF46B0300E265A7 /* Resources */,
			);
			buildRules = (
			);
			dependencies = (
				1A658BBB1DF46B0300E265A7 /* PBXTargetDependency */,
			);
			name = JMTabBarKitTestUITests;
			productName = JMTabBarKitTestUITests;
			productReference = 1A658BB91DF46B0300E265A7 /* JMTabBarKitTestUITests.xctest */;
			productType = "com.apple.product-type.bundle.ui-testing";
		};
/* End PBXNativeTarget section */

/* Begin PBXProject section */
		1A658B8D1DF46B0300E265A7 /* Project object */ = {
			isa = PBXProject;
			attributes = {
				LastUpgradeCheck = 0810;
				ORGANIZATIONNAME = James;
				TargetAttributes = {
					1A658B941DF46B0300E265A7 = {
						CreatedOnToolsVersion = 8.1;
						DevelopmentTeam = 58SDKF7S9Q;
						ProvisioningStyle = Automatic;
					};
					1A658BAD1DF46B0300E265A7 = {
						CreatedOnToolsVersion = 8.1;
						DevelopmentTeam = 58SDKF7S9Q;
						ProvisioningStyle = Automatic;
						TestTargetID = 1A658B941DF46B0300E265A7;
					};
					1A658BB81DF46B0300E265A7 = {
						CreatedOnToolsVersion = 8.1;
						DevelopmentTeam = 58SDKF7S9Q;
						ProvisioningStyle = Automatic;
						TestTargetID = 1A658B941DF46B0300E265A7;
					};
				};
			};
			buildConfigurationList = 1A658B901DF46B0300E265A7 /* Build configuration list for PBXProject "JMTabBarKitTest" */;
			compatibilityVersion = "Xcode 3.2";
			developmentRegion = English;
			hasScannedForEncodings = 0;
			knownRegions = (
				en,
				Base,
			);
			mainGroup = 1A658B8C1DF46B0300E265A7;
			productRefGroup = 1A658B961DF46B0300E265A7 /* Products */;
			projectDirPath = "";
			projectReferences = (
				{
					ProductGroup = 1A658BCC1DF46B7D00E265A7 /* Products */;
					ProjectRef = 1A658BCB1DF46B7D00E265A7 /* JMTabBarKit.xcodeproj */;
				},
			);
			projectRoot = "";
			targets = (
				1A658B941DF46B0300E265A7 /* JMTabBarKitTest */,
				1A658BAD1DF46B0300E265A7 /* JMTabBarKitTestTests */,
				1A658BB81DF46B0300E265A7 /* JMTabBarKitTestUITests */,
			);
		};
/* End PBXProject section */

/* Begin PBXReferenceProxy section */
		1A658BD11DF46B7D00E265A7 /* libJMTabBarKit.a */ = {
			isa = PBXReferenceProxy;
			fileType = archive.ar;
			path = libJMTabBarKit.a;
			remoteRef = 1A658BD01DF46B7D00E265A7 /* PBXContainerItemProxy */;
			sourceTree = BUILT_PRODUCTS_DIR;
		};
/* End PBXReferenceProxy section */

/* Begin PBXResourcesBuildPhase section */
		1A658B931DF46B0300E265A7 /* Resources */ = {
			isa = PBXResourcesBuildPhase;
			buildActionMask = 2147483647;
			files = (
				1A658BA81DF46B0300E265A7 /* LaunchScreen.storyboard in Resources */,
				1A658BA51DF46B0300E265A7 /* Assets.xcassets in Resources */,
				1A658BA31DF46B0300E265A7 /* Main.storyboard in Resources */,
			);
			runOnlyForDeploymentPostprocessing = 0;
		};
		1A658BAC1DF46B0300E265A7 /* Resources */ = {
			isa = PBXResourcesBuildPhase;
			buildActionMask = 2147483647;
			files = (
			);
			runOnlyForDeploymentPostprocessing = 0;
		};
		1A658BB71DF46B0300E265A7 /* Resources */ = {
			isa = PBXResourcesBuildPhase;
			buildActionMask = 2147483647;
			files = (
			);
			runOnlyForDeploymentPostprocessing = 0;
		};
/* End PBXResourcesBuildPhase section */

/* Begin PBXSourcesBuildPhase section */
		1A658B911DF46B0300E265A7 /* Sources */ = {
			isa = PBXSourcesBuildPhase;
			buildActionMask = 2147483647;
			files = (
				1A658BDA1DF46C2C00E265A7 /* SecondViewController.m in Sources */,
				1A658BA01DF46B0300E265A7 /* LoginViewController.m in Sources */,
				1A658BDB1DF46C2C00E265A7 /* ThirdViewController.m in Sources */,
				1A658B9D1DF46B0300E265A7 /* AppDelegate.m in Sources */,
				1A658B9A1DF46B0300E265A7 /* main.m in Sources */,
				1A658BD91DF46C2C00E265A7 /* FirstViewController.m in Sources */,
			);
			runOnlyForDeploymentPostprocessing = 0;
		};
		1A658BAA1DF46B0300E265A7 /* Sources */ = {
			isa = PBXSourcesBuildPhase;
			buildActionMask = 2147483647;
			files = (
				1A658BB31DF46B0300E265A7 /* JMTabBarKitTestTests.m in Sources */,
			);
			runOnlyForDeploymentPostprocessing = 0;
		};
		1A658BB51DF46B0300E265A7 /* Sources */ = {
			isa = PBXSourcesBuildPhase;
			buildActionMask = 2147483647;
			files = (
				1A658BBE1DF46B0300E265A7 /* JMTabBarKitTestUITests.m in Sources */,
			);
			runOnlyForDeploymentPostprocessing = 0;
		};
/* End PBXSourcesBuildPhase section */

/* Begin PBXTargetDependency section */
		1A658BB01DF46B0300E265A7 /* PBXTargetDependency */ = {
			isa = PBXTargetDependency;
			target = 1A658B941DF46B0300E265A7 /* JMTabBarKitTest */;
			targetProxy = 1A658BAF1DF46B0300E265A7 /* PBXContainerItemProxy */;
		};
		1A658BBB1DF46B0300E265A7 /* PBXTargetDependency */ = {
			isa = PBXTargetDependency;
			target = 1A658B941DF46B0300E265A7 /* JMTabBarKitTest */;
			targetProxy = 1A658BBA1DF46B0300E265A7 /* PBXContainerItemProxy */;
		};
/* End PBXTargetDependency section */

/* Begin PBXVariantGroup section */
		1A658BA11DF46B0300E265A7 /* Main.storyboard */ = {
			isa = PBXVariantGroup;
			children = (
				1A658BA21DF46B0300E265A7 /* Base */,
			);
			name = Main.storyboard;
			sourceTree = "<group>";
		};
		1A658BA61DF46B0300E265A7 /* LaunchScreen.storyboard */ = {
			isa = PBXVariantGroup;
			children = (
				1A658BA71DF46B0300E265A7 /* Base */,
			);
			name = LaunchScreen.storyboard;
			sourceTree = "<group>";
		};
/* End PBXVariantGroup section */

/* Begin XCBuildConfiguration section */
		1A658BC01DF46B0300E265A7 /* Debug */ = {
			isa = XCBuildConfiguration;
			buildSettings = {
				ALWAYS_SEARCH_USER_PATHS = NO;
				CLANG_ANALYZER_NONNULL = YES;
				CLANG_CXX_LANGUAGE_STANDARD = "gnu++0x";
				CLANG_CXX_LIBRARY = "libc++";
				CLANG_ENABLE_MODULES = YES;
				CLANG_ENABLE_OBJC_ARC = YES;
				CLANG_WARN_BOOL_CONVERSION = YES;
				CLANG_WARN_CONSTANT_CONVERSION = YES;
				CLANG_WARN_DIRECT_OBJC_ISA_USAGE = YES_ERROR;
				CLANG_WARN_DOCUMENTATION_COMMENTS = YES;
				CLANG_WARN_EMPTY_BODY = YES;
				CLANG_WARN_ENUM_CONVERSION = YES;
				CLANG_WARN_INFINITE_RECURSION = YES;
				CLANG_WARN_INT_CONVERSION = YES;
				CLANG_WARN_OBJC_ROOT_CLASS = YES_ERROR;
				CLANG_WARN_SUSPICIOUS_MOVES = YES;
				CLANG_WARN_UNREACHABLE_CODE = YES;
				CLANG_WARN__DUPLICATE_METHOD_MATCH = YES;
				"CODE_SIGN_IDENTITY[sdk=iphoneos*]" = "iPhone Developer";
				COPY_PHASE_STRIP = NO;
				DEBUG_INFORMATION_FORMAT = dwarf;
				ENABLE_STRICT_OBJC_MSGSEND = YES;
				ENABLE_TESTABILITY = YES;
				GCC_C_LANGUAGE_STANDARD = gnu99;
				GCC_DYNAMIC_NO_PIC = NO;
				GCC_NO_COMMON_BLOCKS = YES;
				GCC_OPTIMIZATION_LEVEL = 0;
				GCC_PREPROCESSOR_DEFINITIONS = (
					"DEBUG=1",
					"$(inherited)",
				);
				GCC_WARN_64_TO_32_BIT_CONVERSION = YES;
				GCC_WARN_ABOUT_RETURN_TYPE = YES_ERROR;
				GCC_WARN_UNDECLARED_SELECTOR = YES;
				GCC_WARN_UNINITIALIZED_AUTOS = YES_AGGRESSIVE;
				GCC_WARN_UNUSED_FUNCTION = YES;
				GCC_WARN_UNUSED_VARIABLE = YES;
				IPHONEOS_DEPLOYMENT_TARGET = 10.1;
				MTL_ENABLE_DEBUG_INFO = YES;
				ONLY_ACTIVE_ARCH = YES;
				SDKROOT = iphoneos;
				TARGETED_DEVICE_FAMILY = "1,2";
			};
			name = Debug;
		};
		1A658BC11DF46B0300E265A7 /* Release */ = {
			isa = XCBuildConfiguration;
			buildSettings = {
				ALWAYS_SEARCH_USER_PATHS = NO;
				CLANG_ANALYZER_NONNULL = YES;
				CLANG_CXX_LANGUAGE_STANDARD = "gnu++0x";
				CLANG_CXX_LIBRARY = "libc++";
				CLANG_ENABLE_MODULES = YES;
				CLANG_ENABLE_OBJC_ARC = YES;
				CLANG_WARN_BOOL_CONVERSION = YES;
				CLANG_WARN_CONSTANT_CONVERSION = YES;
				CLANG_WARN_DIRECT_OBJC_ISA_USAGE = YES_ERROR;
				CLANG_WARN_DOCUMENTATION_COMMENTS = YES;
				CLANG_WARN_EMPTY_BODY = YES;
				CLANG_WARN_ENUM_CONVERSION = YES;
				CLANG_WARN_INFINITE_RECURSION = YES;
				CLANG_WARN_INT_CONVERSION = YES;
				CLANG_WARN_OBJC_ROOT_CLASS = YES_ERROR;
				CLANG_WARN_SUSPICIOUS_MOVES = YES;
				CLANG_WARN_UNREACHABLE_CODE = YES;
				CLANG_WARN__DUPLICATE_METHOD_MATCH = YES;
				"CODE_SIGN_IDENTITY[sdk=iphoneos*]" = "iPhone Developer";
				COPY_PHASE_STRIP = NO;
				DEBUG_INFORMATION_FORMAT = "dwarf-with-dsym";
				ENABLE_NS_ASSERTIONS = NO;
				ENABLE_STRICT_OBJC_MSGSEND = YES;
				GCC_C_LANGUAGE_STANDARD = gnu99;
				GCC_NO_COMMON_BLOCKS = YES;
				GCC_WARN_64_TO_32_BIT_CONVERSION = YES;
				GCC_WARN_ABOUT_RETURN_TYPE = YES_ERROR;
				GCC_WARN_UNDECLARED_SELECTOR = YES;
				GCC_WARN_UNINITIALIZED_AUTOS = YES_AGGRESSIVE;
				GCC_WARN_UNUSED_FUNCTION = YES;
				GCC_WARN_UNUSED_VARIABLE = YES;
				IPHONEOS_DEPLOYMENT_TARGET = 10.1;
				MTL_ENABLE_DEBUG_INFO = NO;
				SDKROOT = iphoneos;
				TARGETED_DEVICE_FAMILY = "1,2";
				VALIDATE_PRODUCT = YES;
			};
			name = Release;
		};
		1A658BC31DF46B0300E265A7 /* Debug */ = {
			isa = XCBuildConfiguration;
			buildSettings = {
				ASSETCATALOG_COMPILER_APPICON_NAME = AppIcon;
				DEVELOPMENT_TEAM = 58SDKF7S9Q;
				HEADER_SEARCH_PATHS = (
					"$(inherited)",
					"$(PROJECT_DIR)/JMTabBarKit/",
				);
				INFOPLIST_FILE = JMTabBarKitTest/Info.plist;
				LD_RUNPATH_SEARCH_PATHS = "$(inherited) @executable_path/Frameworks";
				PRODUCT_BUNDLE_IDENTIFIER = com.hgy.test.JMTabBarKitTest;
				PRODUCT_NAME = "$(TARGET_NAME)";
			};
			name = Debug;
		};
		1A658BC41DF46B0300E265A7 /* Release */ = {
			isa = XCBuildConfiguration;
			buildSettings = {
				ASSETCATALOG_COMPILER_APPICON_NAME = AppIcon;
				DEVELOPMENT_TEAM = 58SDKF7S9Q;
				HEADER_SEARCH_PATHS = (
					"$(inherited)",
					"$(PROJECT_DIR)/JMTabBarKit/",
				);
				INFOPLIST_FILE = JMTabBarKitTest/Info.plist;
				LD_RUNPATH_SEARCH_PATHS = "$(inherited) @executable_path/Frameworks";
				PRODUCT_BUNDLE_IDENTIFIER = com.hgy.test.JMTabBarKitTest;
				PRODUCT_NAME = "$(TARGET_NAME)";
			};
			name = Release;
		};
		1A658BC61DF46B0300E265A7 /* Debug */ = {
			isa = XCBuildConfiguration;
			buildSettings = {
				BUNDLE_LOADER = "$(TEST_HOST)";
				DEVELOPMENT_TEAM = 58SDKF7S9Q;
				INFOPLIST_FILE = JMTabBarKitTestTests/Info.plist;
				LD_RUNPATH_SEARCH_PATHS = "$(inherited) @executable_path/Frameworks @loader_path/Frameworks";
				PRODUCT_BUNDLE_IDENTIFIER = com.hgy.test.JMTabBarKitTestTests;
				PRODUCT_NAME = "$(TARGET_NAME)";
				TEST_HOST = "$(BUILT_PRODUCTS_DIR)/JMTabBarKitTest.app/JMTabBarKitTest";
			};
			name = Debug;
		};
		1A658BC71DF46B0300E265A7 /* Release */ = {
			isa = XCBuildConfiguration;
			buildSettings = {
				BUNDLE_LOADER = "$(TEST_HOST)";
				DEVELOPMENT_TEAM = 58SDKF7S9Q;
				INFOPLIST_FILE = JMTabBarKitTestTests/Info.plist;
				LD_RUNPATH_SEARCH_PATHS = "$(inherited) @executable_path/Frameworks @loader_path/Frameworks";
				PRODUCT_BUNDLE_IDENTIFIER = com.hgy.test.JMTabBarKitTestTests;
				PRODUCT_NAME = "$(TARGET_NAME)";
				TEST_HOST = "$(BUILT_PRODUCTS_DIR)/JMTabBarKitTest.app/JMTabBarKitTest";
			};
			name = Release;
		};
		1A658BC91DF46B0300E265A7 /* Debug */ = {
			isa = XCBuildConfiguration;
			buildSettings = {
				DEVELOPMENT_TEAM = 58SDKF7S9Q;
				INFOPLIST_FILE = JMTabBarKitTestUITests/Info.plist;
				LD_RUNPATH_SEARCH_PATHS = "$(inherited) @executable_path/Frameworks @loader_path/Frameworks";
				PRODUCT_BUNDLE_IDENTIFIER = com.hgy.test.JMTabBarKitTestUITests;
				PRODUCT_NAME = "$(TARGET_NAME)";
				TEST_TARGET_NAME = JMTabBarKitTest;
			};
			name = Debug;
		};
		1A658BCA1DF46B0300E265A7 /* Release */ = {
			isa = XCBuildConfiguration;
			buildSettings = {
				DEVELOPMENT_TEAM = 58SDKF7S9Q;
				INFOPLIST_FILE = JMTabBarKitTestUITests/Info.plist;
				LD_RUNPATH_SEARCH_PATHS = "$(inherited) @executable_path/Frameworks @loader_path/Frameworks";
				PRODUCT_BUNDLE_IDENTIFIER = com.hgy.test.JMTabBarKitTestUITests;
				PRODUCT_NAME = "$(TARGET_NAME)";
				TEST_TARGET_NAME = JMTabBarKitTest;
			};
			name = Release;
		};
/* End XCBuildConfiguration section */

/* Begin XCConfigurationList section */
		1A658B901DF46B0300E265A7 /* Build configuration list for PBXProject "JMTabBarKitTest" */ = {
			isa = XCConfigurationList;
			buildConfigurations = (
				1A658BC01DF46B0300E265A7 /* Debug */,
				1A658BC11DF46B0300E265A7 /* Release */,
			);
			defaultConfigurationIsVisible = 0;
			defaultConfigurationName = Release;
		};
		1A658BC21DF46B0300E265A7 /* Build configuration list for PBXNativeTarget "JMTabBarKitTest" */ = {
			isa = XCConfigurationList;
			buildConfigurations = (
				1A658BC31DF46B0300E265A7 /* Debug */,
				1A658BC41DF46B0300E265A7 /* Release */,
			);
			defaultConfigurationIsVisible = 0;
			defaultConfigurationName = Release;
		};
		1A658BC51DF46B0300E265A7 /* Build configuration list for PBXNativeTarget "JMTabBarKitTestTests" */ = {
			isa = XCConfigurationList;
			buildConfigurations = (
				1A658BC61DF46B0300E265A7 /* Debug */,
				1A658BC71DF46B0300E265A7 /* Release */,
			);
			defaultConfigurationIsVisible = 0;
			defaultConfigurationName = Release;
		};
		1A658BC81DF46B0300E265A7 /* Build configuration list for PBXNativeTarget "JMTabBarKitTestUITests" */ = {
			isa = XCConfigurationList;
			buildConfigurations = (
				1A658BC91DF46B0300E265A7 /* Debug */,
				1A658BCA1DF46B0300E265A7 /* Release */,
			);
			defaultConfigurationIsVisible = 0;
			defaultConfigurationName = Release;
		};
/* End XCConfigurationList section */
	};
	rootObject = 1A658B8D1DF46B0300E265A7 /* Project object */;
}
